// !$*UTF8*$!
{
	archiveVersion = 1;
	classes = {
	};
	objectVersion = 50;
	objects = {

/* Begin PBXBuildFile section */
		9B311A6325C9430F00AF9C06 /* CardMemoryGameApp.swift in Sources */ = {isa = PBXBuildFile; fileRef = 9B311A6225C9430F00AF9C06 /* CardMemoryGameApp.swift */; };
		9B311A6525C9430F00AF9C06 /* EmojiMemoryGameView.swift in Sources */ = {isa = PBXBuildFile; fileRef = 9B311A6425C9430F00AF9C06 /* EmojiMemoryGameView.swift */; };
		9B311A6725C9431200AF9C06 /* Assets.xcassets in Resources */ = {isa = PBXBuildFile; fileRef = 9B311A6625C9431200AF9C06 /* Assets.xcassets */; };
		9B311A6A25C9431200AF9C06 /* Preview Assets.xcassets in Resources */ = {isa = PBXBuildFile; fileRef = 9B311A6925C9431200AF9C06 /* Preview Assets.xcassets */; };
		9B6D81AE25CD236400C4A829 /* Grid.swift in Sources */ = {isa = PBXBuildFile; fileRef = 9B6D81AD25CD236400C4A829 /* Grid.swift */; };
		9B6D81B525CD2CF000C4A829 /* GridLayout.swift in Sources */ = {isa = PBXBuildFile; fileRef = 9B6D81B425CD2CF000C4A829 /* GridLayout.swift */; };
		9B6D81B825CD3BFB00C4A829 /* Array+Identifiable.swift in Sources */ = {isa = PBXBuildFile; fileRef = 9B6D81B725CD3BFA00C4A829 /* Array+Identifiable.swift */; };
		9B6D81BB25CD58C700C4A829 /* Array+Only.swift in Sources */ = {isa = PBXBuildFile; fileRef = 9B6D81BA25CD58C700C4A829 /* Array+Only.swift */; };
		9BD6147E25C969A8003B551B /* MemoryGame.swift in Sources */ = {isa = PBXBuildFile; fileRef = 9BD6147D25C969A8003B551B /* MemoryGame.swift */; };
		9BD6148125C971B9003B551B /* EmojiMemoryGame.swift in Sources */ = {isa = PBXBuildFile; fileRef = 9BD6148025C971B9003B551B /* EmojiMemoryGame.swift */; };
/* End PBXBuildFile section */

/* Begin PBXFileReference section */
		9B311A5F25C9430F00AF9C06 /* CardMemoryGame.app */ = {isa = PBXFileReference; explicitFileType = wrapper.application; includeInIndex = 0; path = CardMemoryGame.app; sourceTree = BUILT_PRODUCTS_DIR; };
		9B311A6225C9430F00AF9C06 /* CardMemoryGameApp.swift */ = {isa = PBXFileReference; lastKnownFileType = sourcecode.swift; path = CardMemoryGameApp.swift; sourceTree = "<group>"; };
		9B311A6425C9430F00AF9C06 /* EmojiMemoryGameView.swift */ = {isa = PBXFileReference; lastKnownFileType = sourcecode.swift; path = EmojiMemoryGameView.swift; sourceTree = "<group>"; };
		9B311A6625C9431200AF9C06 /* Assets.xcassets */ = {isa = PBXFileReference; lastKnownFileType = folder.assetcatalog; path = Assets.xcassets; sourceTree = "<group>"; };
		9B311A6925C9431200AF9C06 /* Preview Assets.xcassets */ = {isa = PBXFileReference; lastKnownFileType = folder.assetcatalog; path = "Preview Assets.xcassets"; sourceTree = "<group>"; };
		9B311A6B25C9431200AF9C06 /* Info.plist */ = {isa = PBXFileReference; lastKnownFileType = text.plist.xml; path = Info.plist; sourceTree = "<group>"; };
		9B6D81AD25CD236400C4A829 /* Grid.swift */ = {isa = PBXFileReference; lastKnownFileType = sourcecode.swift; path = Grid.swift; sourceTree = "<group>"; };
		9B6D81B425CD2CF000C4A829 /* GridLayout.swift */ = {isa = PBXFileReference; fileEncoding = 4; lastKnownFileType = sourcecode.swift; path = GridLayout.swift; sourceTree = "<group>"; };
		9B6D81B725CD3BFA00C4A829 /* Array+Identifiable.swift */ = {isa = PBXFileReference; lastKnownFileType = sourcecode.swift; path = "Array+Identifiable.swift"; sourceTree = "<group>"; };
		9B6D81BA25CD58C700C4A829 /* Array+Only.swift */ = {isa = PBXFileReference; lastKnownFileType = sourcecode.swift; path = "Array+Only.swift"; sourceTree = "<group>"; };
		9BD6147D25C969A8003B551B /* MemoryGame.swift */ = {isa = PBXFileReference; lastKnownFileType = sourcecode.swift; path = MemoryGame.swift; sourceTree = "<group>"; };
		9BD6148025C971B9003B551B /* EmojiMemoryGame.swift */ = {isa = PBXFileReference; lastKnownFileType = sourcecode.swift; path = EmojiMemoryGame.swift; sourceTree = "<group>"; };
/* End PBXFileReference section */

/* Begin PBXFrameworksBuildPhase section */
		9B311A5C25C9430F00AF9C06 /* Frameworks */ = {
			isa = PBXFrameworksBuildPhase;
			buildActionMask = 2147483647;
			files = (
			);
			runOnlyForDeploymentPostprocessing = 0;
		};
/* End PBXFrameworksBuildPhase section */

/* Begin PBXGroup section */
		9B311A5625C9430F00AF9C06 = {
			isa = PBXGroup;
			children = (
				9B311A6125C9430F00AF9C06 /* CardMemoryGame */,
				9B311A6025C9430F00AF9C06 /* Products */,
			);
			sourceTree = "<group>";
		};
		9B311A6025C9430F00AF9C06 /* Products */ = {
			isa = PBXGroup;
			children = (
				9B311A5F25C9430F00AF9C06 /* CardMemoryGame.app */,
			);
			name = Products;
			sourceTree = "<group>";
		};
		9B311A6125C9430F00AF9C06 /* CardMemoryGame */ = {
			isa = PBXGroup;
			children = (
				9B6D81B725CD3BFA00C4A829 /* Array+Identifiable.swift */,
				9B6D81BA25CD58C700C4A829 /* Array+Only.swift */,
				9B311A6225C9430F00AF9C06 /* CardMemoryGameApp.swift */,
				9B311A6425C9430F00AF9C06 /* EmojiMemoryGameView.swift */,
				9B6D81AD25CD236400C4A829 /* Grid.swift */,
				9B6D81B425CD2CF000C4A829 /* GridLayout.swift */,
				9BD6148025C971B9003B551B /* EmojiMemoryGame.swift */,
				9BD6147D25C969A8003B551B /* MemoryGame.swift */,
				9B311A6625C9431200AF9C06 /* Assets.xcassets */,
				9B311A6B25C9431200AF9C06 /* Info.plist */,
				9B311A6825C9431200AF9C06 /* Preview Content */,
			);
			path = CardMemoryGame;
			sourceTree = "<group>";
		};
		9B311A6825C9431200AF9C06 /* Preview Content */ = {
			isa = PBXGroup;
			children = (
				9B311A6925C9431200AF9C06 /* Preview Assets.xcassets */,
			);
			path = "Preview Content";
			sourceTree = "<group>";
		};
/* End PBXGroup section */

/* Begin PBXNativeTarget section */
		9B311A5E25C9430F00AF9C06 /* CardMemoryGame */ = {
			isa = PBXNativeTarget;
			buildConfigurationList = 9B311A6E25C9431200AF9C06 /* Build configuration list for PBXNativeTarget "CardMemoryGame" */;
			buildPhases = (
				9B311A5B25C9430F00AF9C06 /* Sources */,
				9B311A5C25C9430F00AF9C06 /* Frameworks */,
				9B311A5D25C9430F00AF9C06 /* Resources */,
			);
			buildRules = (
			);
			dependencies = (
			);
			name = CardMemoryGame;
			productName = CardMemoryGame;
			productReference = 9B311A5F25C9430F00AF9C06 /* CardMemoryGame.app */;
			productType = "com.apple.product-type.application";
		};
/* End PBXNativeTarget section */

/* Begin PBXProject section */
		9B311A5725C9430F00AF9C06 /* Project object */ = {
			isa = PBXProject;
			attributes = {
				LastSwiftUpdateCheck = 1230;
				LastUpgradeCheck = 1230;
				TargetAttributes = {
					9B311A5E25C9430F00AF9C06 = {
						CreatedOnToolsVersion = 12.3;
					};
				};
			};
			buildConfigurationList = 9B311A5A25C9430F00AF9C06 /* Build configuration list for PBXProject "CardMemoryGame" */;
			compatibilityVersion = "Xcode 9.3";
			developmentRegion = en;
			hasScannedForEncodings = 0;
			knownRegions = (
				en,
				Base,
			);
			mainGroup = 9B311A5625C9430F00AF9C06;
			productRefGroup = 9B311A6025C9430F00AF9C06 /* Products */;
			projectDirPath = "";
			projectRoot = "";
			targets = (
				9B311A5E25C9430F00AF9C06 /* CardMemoryGame */,
			);
		};
/* End PBXProject section */

/* Begin PBXResourcesBuildPhase section */
		9B311A5D25C9430F00AF9C06 /* Resources */ = {
			isa = PBXResourcesBuildPhase;
			buildActionMask = 2147483647;
			files = (
				9B311A6A25C9431200AF9C06 /* Preview Assets.xcassets in Resources */,
				9B311A6725C9431200AF9C06 /* Assets.xcassets in Resources */,
			);
			runOnlyForDeploymentPostprocessing = 0;
		};
/* End PBXResourcesBuildPhase section */

/* Begin PBXSourcesBuildPhase section */
		9B311A5B25C9430F00AF9C06 /* Sources */ = {
			isa = PBXSourcesBuildPhase;
			buildActionMask = 2147483647;
			files = (
				9BD6147E25C969A8003B551B /* MemoryGame.swift in Sources */,
				9B311A6525C9430F00AF9C06 /* EmojiMemoryGameView.swift in Sources */,
				9B311A6325C9430F00AF9C06 /* CardMemoryGameApp.swift in Sources */,
				9B6D81B525CD2CF000C4A829 /* GridLayout.swift in Sources */,
				9B6D81AE25CD236400C4A829 /* Grid.swift in Sources */,
				9B6D81B825CD3BFB00C4A829 /* Array+Identifiable.swift in Sources */,
				9BD6148125C971B9003B551B /* EmojiMemoryGame.swift in Sources */,
				9B6D81BB25CD58C700C4A829 /* Array+Only.swift in Sources */,
			);
			runOnlyForDeploymentPostprocessing = 0;
		};
/* End PBXSourcesBuildPhase section */

/* Begin XCBuildConfiguration section */
		9B311A6C25C9431200AF9C06 /* Debug */ = {
			isa = XCBuildConfiguration;
			buildSettings = {
				ALWAYS_SEARCH_USER_PATHS = NO;
				CLANG_ANALYZER_NONNULL = YES;
				CLANG_ANALYZER_NUMBER_OBJECT_CONVERSION = YES_AGGRESSIVE;
				CLANG_CXX_LANGUAGE_STANDARD = "gnu++14";
				CLANG_CXX_LIBRARY = "libc++";
				CLANG_ENABLE_MODULES = YES;
				CLANG_ENABLE_OBJC_ARC = YES;
				CLANG_ENABLE_OBJC_WEAK = YES;
				CLANG_WARN_BLOCK_CAPTURE_AUTORELEASING = YES;
				CLANG_WARN_BOOL_CONVERSION = YES;
				CLANG_WARN_COMMA = YES;
				CLANG_WARN_CONSTANT_CONVERSION = YES;
				CLANG_WARN_DEPRECATED_OBJC_IMPLEMENTATIONS = YES;
				CLANG_WARN_DIRECT_OBJC_ISA_USAGE = YES_ERROR;
				CLANG_WARN_DOCUMENTATION_COMMENTS = YES;
				CLANG_WARN_EMPTY_BODY = YES;
				CLANG_WARN_ENUM_CONVERSION = YES;
				CLANG_WARN_INFINITE_RECURSION = YES;
				CLANG_WARN_INT_CONVERSION = YES;
				CLANG_WARN_NON_LITERAL_NULL_CONVERSION = YES;
				CLANG_WARN_OBJC_IMPLICIT_RETAIN_SELF = YES;
				CLANG_WARN_OBJC_LITERAL_CONVERSION = YES;
				CLANG_WARN_OBJC_ROOT_CLASS = YES_ERROR;
				CLANG_WARN_QUOTED_INCLUDE_IN_FRAMEWORK_HEADER = YES;
				CLANG_WARN_RANGE_LOOP_ANALYSIS = YES;
				CLANG_WARN_STRICT_PROTOTYPES = YES;
				CLANG_WARN_SUSPICIOUS_MOVE = YES;
				CLANG_WARN_UNGUARDED_AVAILABILITY = YES_AGGRESSIVE;
				CLANG_WARN_UNREACHABLE_CODE = YES;
				CLANG_WARN__DUPLICATE_METHOD_MATCH = YES;
				COPY_PHASE_STRIP = NO;
				DEBUG_INFORMATION_FORMAT = dwarf;
				ENABLE_STRICT_OBJC_MSGSEND = YES;
				ENABLE_TESTABILITY = YES;
				GCC_C_LANGUAGE_STANDARD = gnu11;
				GCC_DYNAMIC_NO_PIC = NO;
				GCC_NO_COMMON_BLOCKS = YES;
				GCC_OPTIMIZATION_LEVEL = 0;
				GCC_PREPROCESSOR_DEFINITIONS = (
					"DEBUG=1",
					"$(inherited)",
				);
				GCC_WARN_64_TO_32_BIT_CONVERSION = YES;
				GCC_WARN_ABOUT_RETURN_TYPE = YES_ERROR;
				GCC_WARN_UNDECLARED_SELECTOR = YES;
				GCC_WARN_UNINITIALIZED_AUTOS = YES_AGGRESSIVE;
				GCC_WARN_UNUSED_FUNCTION = YES;
				GCC_WARN_UNUSED_VARIABLE = YES;
				IPHONEOS_DEPLOYMENT_TARGET = 14.3;
				MTL_ENABLE_DEBUG_INFO = INCLUDE_SOURCE;
				MTL_FAST_MATH = YES;
				ONLY_ACTIVE_ARCH = YES;
				SDKROOT = iphoneos;
				SWIFT_ACTIVE_COMPILATION_CONDITIONS = DEBUG;
				SWIFT_OPTIMIZATION_LEVEL = "-Onone";
			};
			name = Debug;
		};
		9B311A6D25C9431200AF9C06 /* Release */ = {
			isa = XCBuildConfiguration;
			buildSettings = {
				ALWAYS_SEARCH_USER_PATHS = NO;
				CLANG_ANALYZER_NONNULL = YES;
				CLANG_ANALYZER_NUMBER_OBJECT_CONVERSION = YES_AGGRESSIVE;
				CLANG_CXX_LANGUAGE_STANDARD = "gnu++14";
				CLANG_CXX_LIBRARY = "libc++";
				CLANG_ENABLE_MODULES = YES;
				CLANG_ENABLE_OBJC_ARC = YES;
				CLANG_ENABLE_OBJC_WEAK = YES;
				CLANG_WARN_BLOCK_CAPTURE_AUTORELEASING = YES;
				CLANG_WARN_BOOL_CONVERSION = YES;
				CLANG_WARN_COMMA = YES;
				CLANG_WARN_CONSTANT_CONVERSION = YES;
				CLANG_WARN_DEPRECATED_OBJC_IMPLEMENTATIONS = YES;
				CLANG_WARN_DIRECT_OBJC_ISA_USAGE = YES_ERROR;
				CLANG_WARN_DOCUMENTATION_COMMENTS = YES;
				CLANG_WARN_EMPTY_BODY = YES;
				CLANG_WARN_ENUM_CONVERSION = YES;
				CLANG_WARN_INFINITE_RECURSION = YES;
				CLANG_WARN_INT_CONVERSION = YES;
				CLANG_WARN_NON_LITERAL_NULL_CONVERSION = YES;
				CLANG_WARN_OBJC_IMPLICIT_RETAIN_SELF = YES;
				CLANG_WARN_OBJC_LITERAL_CONVERSION = YES;
				CLANG_WARN_OBJC_ROOT_CLASS = YES_ERROR;
				CLANG_WARN_QUOTED_INCLUDE_IN_FRAMEWORK_HEADER = YES;
				CLANG_WARN_RANGE_LOOP_ANALYSIS = YES;
				CLANG_WARN_STRICT_PROTOTYPES = YES;
				CLANG_WARN_SUSPICIOUS_MOVE = YES;
				CLANG_WARN_UNGUARDED_AVAILABILITY = YES_AGGRESSIVE;
				CLANG_WARN_UNREACHABLE_CODE = YES;
				CLANG_WARN__DUPLICATE_METHOD_MATCH = YES;
				COPY_PHASE_STRIP = NO;
				DEBUG_INFORMATION_FORMAT = "dwarf-with-dsym";
				ENABLE_NS_ASSERTIONS = NO;
				ENABLE_STRICT_OBJC_MSGSEND = YES;
				GCC_C_LANGUAGE_STANDARD = gnu11;
				GCC_NO_COMMON_BLOCKS = YES;
				GCC_WARN_64_TO_32_BIT_CONVERSION = YES;
				GCC_WARN_ABOUT_RETURN_TYPE = YES_ERROR;
				GCC_WARN_UNDECLARED_SELECTOR = YES;
				GCC_WARN_UNINITIALIZED_AUTOS = YES_AGGRESSIVE;
				GCC_WARN_UNUSED_FUNCTION = YES;
				GCC_WARN_UNUSED_VARIABLE = YES;
				IPHONEOS_DEPLOYMENT_TARGET = 14.3;
				MTL_ENABLE_DEBUG_INFO = NO;
				MTL_FAST_MATH = YES;
				SDKROOT = iphoneos;
				SWIFT_COMPILATION_MODE = wholemodule;
				SWIFT_OPTIMIZATION_LEVEL = "-O";
				VALIDATE_PRODUCT = YES;
			};
			name = Release;
		};
		9B311A6F25C9431200AF9C06 /* Debug */ = {
			isa = XCBuildConfiguration;
			buildSettings = {
				ASSETCATALOG_COMPILER_APPICON_NAME = AppIcon;
				ASSETCATALOG_COMPILER_GLOBAL_ACCENT_COLOR_NAME = AccentColor;
				CODE_SIGN_STYLE = Automatic;
				DEVELOPMENT_ASSET_PATHS = "\"CardMemoryGame/Preview Content\"";
				DEVELOPMENT_TEAM = HY3A45874N;
				ENABLE_PREVIEWS = YES;
				INFOPLIST_FILE = CardMemoryGame/Info.plist;
				IPHONEOS_DEPLOYMENT_TARGET = 14.0;
				LD_RUNPATH_SEARCH_PATHS = (
					"$(inherited)",
					"@executable_path/Frameworks",
				);
				PRODUCT_BUNDLE_IDENTIFIER = "Sergey-Borisov.CardMemoryGame";
				PRODUCT_NAME = "$(TARGET_NAME)";
				SWIFT_VERSION = 5.0;
				TARGETED_DEVICE_FAMILY = "1,2";
			};
			name = Debug;
		};
		9B311A7025C9431200AF9C06 /* Release */ = {
			isa = XCBuildConfiguration;
			buildSettings = {
				ASSETCATALOG_COMPILER_APPICON_NAME = AppIcon;
				ASSETCATALOG_COMPILER_GLOBAL_ACCENT_COLOR_NAME = AccentColor;
				CODE_SIGN_STYLE = Automatic;
				DEVELOPMENT_ASSET_PATHS = "\"CardMemoryGame/Preview Content\"";
				DEVELOPMENT_TEAM = HY3A45874N;
				ENABLE_PREVIEWS = YES;
				INFOPLIST_FILE = CardMemoryGame/Info.plist;
				IPHONEOS_DEPLOYMENT_TARGET = 14.0;
				LD_RUNPATH_SEARCH_PATHS = (
					"$(inherited)",
					"@executable_path/Frameworks",
				);
				PRODUCT_BUNDLE_IDENTIFIER = "Sergey-Borisov.CardMemoryGame";
				PRODUCT_NAME = "$(TARGET_NAME)";
				SWIFT_VERSION = 5.0;
				TARGETED_DEVICE_FAMILY = "1,2";
			};
			name = Release;
		};
/* End XCBuildConfiguration section */

/* Begin XCConfigurationList section */
		9B311A5A25C9430F00AF9C06 /* Build configuration list for PBXProject "CardMemoryGame" */ = {
			isa = XCConfigurationList;
			buildConfigurations = (
				9B311A6C25C9431200AF9C06 /* Debug */,
				9B311A6D25C9431200AF9C06 /* Release */,
			);
			defaultConfigurationIsVisible = 0;
			defaultConfigurationName = Release;
		};
		9B311A6E25C9431200AF9C06 /* Build configuration list for PBXNativeTarget "CardMemoryGame" */ = {
			isa = XCConfigurationList;
			buildConfigurations = (
				9B311A6F25C9431200AF9C06 /* Debug */,
				9B311A7025C9431200AF9C06 /* Release */,
			);
			defaultConfigurationIsVisible = 0;
			defaultConfigurationName = Release;
		};
/* End XCConfigurationList section */
	};
	rootObject = 9B311A5725C9430F00AF9C06 /* Project object */;
}
